
Microsoft Visual Studio Solution File, Format Version 12.00
# Visual Studio 15
VisualStudioVersion = 15.0.27004.2005
MinimumVisualStudioVersion = 15.0.26124.0
Project("{9A19103F-16F7-4668-BE54-9A1E7A4F7556}") = "TemtCash.Main.Api", "App\TemtCash.Main.Api\TemtCash.Main.Api.csproj", "{2FE24A60-6F26-4371-B291-4AE3007E8321}"
EndProject
Project("{2150E333-8FDC-42A3-9474-1A3956D46DE8}") = "App", "App", "{FCF436E4-EF71-459B-A911-720674237A1D}"
EndProject
Project("{9A19103F-16F7-4668-BE54-9A1E7A4F7556}") = "TemtCash.Main.Domain", "App\TemtCash.Main.Domain\TemtCash.Main.Domain.csproj", "{13756564-A4DD-4BED-B085-4A58EE6E5F24}"
EndProject
Project("{9A19103F-16F7-4668-BE54-9A1E7A4F7556}") = "TemtCash.Main.DAL", "App\TemtCash.Main.DAL\TemtCash.Main.DAL.csproj", "{57113E6F-700E-41BF-A105-62ACC13883AA}"
EndProject
Project("{2150E333-8FDC-42A3-9474-1A3956D46DE8}") = "Test", "Test", "{0C6EAF78-1ABA-4DA8-A9D2-7EC8015F7BC5}"
EndProject
Project("{9A19103F-16F7-4668-BE54-9A1E7A4F7556}") = "TemtCash.Main.IntegrationTests", "Test\TemtCash.Main.IntegrationTests\TemtCash.Main.IntegrationTests.csproj", "{433CB769-78E2-4748-8B9A-3B73BE051D32}"
EndProject
Global
	GlobalSection(SolutionConfigurationPlatforms) = preSolution
		Debug|Any CPU = Debug|Any CPU
		Debug|x64 = Debug|x64
		Debug|x86 = Debug|x86
		Release|Any CPU = Release|Any CPU
		Release|x64 = Release|x64
		Release|x86 = Release|x86
	EndGlobalSection
	GlobalSection(ProjectConfigurationPlatforms) = postSolution
		{2FE24A60-6F26-4371-B291-4AE3007E8321}.Debug|Any CPU.ActiveCfg = Debug|Any CPU
		{2FE24A60-6F26-4371-B291-4AE3007E8321}.Debug|Any CPU.Build.0 = Debug|Any CPU
		{2FE24A60-6F26-4371-B291-4AE3007E8321}.Debug|x64.ActiveCfg = Debug|Any CPU
		{2FE24A60-6F26-4371-B291-4AE3007E8321}.Debug|x64.Build.0 = Debug|Any CPU
		{2FE24A60-6F26-4371-B291-4AE3007E8321}.Debug|x86.ActiveCfg = Debug|Any CPU
		{2FE24A60-6F26-4371-B291-4AE3007E8321}.Debug|x86.Build.0 = Debug|Any CPU
		{2FE24A60-6F26-4371-B291-4AE3007E8321}.Release|Any CPU.ActiveCfg = Release|Any CPU
		{2FE24A60-6F26-4371-B291-4AE3007E8321}.Release|Any CPU.Build.0 = Release|Any CPU
		{2FE24A60-6F26-4371-B291-4AE3007E8321}.Release|x64.ActiveCfg = Release|Any CPU
		{2FE24A60-6F26-4371-B291-4AE3007E8321}.Release|x64.Build.0 = Release|Any CPU
		{2FE24A60-6F26-4371-B291-4AE3007E8321}.Release|x86.ActiveCfg = Release|Any CPU
		{2FE24A60-6F26-4371-B291-4AE3007E8321}.Release|x86.Build.0 = Release|Any CPU
		{13756564-A4DD-4BED-B085-4A58EE6E5F24}.Debug|Any CPU.ActiveCfg = Debug|Any CPU
		{13756564-A4DD-4BED-B085-4A58EE6E5F24}.Debug|Any CPU.Build.0 = Debug|Any CPU
		{13756564-A4DD-4BED-B085-4A58EE6E5F24}.Debug|x64.ActiveCfg = Debug|Any CPU
		{13756564-A4DD-4BED-B085-4A58EE6E5F24}.Debug|x64.Build.0 = Debug|Any CPU
		{13756564-A4DD-4BED-B085-4A58EE6E5F24}.Debug|x86.ActiveCfg = Debug|Any CPU
		{13756564-A4DD-4BED-B085-4A58EE6E5F24}.Debug|x86.Build.0 = Debug|Any CPU
		{13756564-A4DD-4BED-B085-4A58EE6E5F24}.Release|Any CPU.ActiveCfg = Release|Any CPU
		{13756564-A4DD-4BED-B085-4A58EE6E5F24}.Release|Any CPU.Build.0 = Release|Any CPU
		{13756564-A4DD-4BED-B085-4A58EE6E5F24}.Release|x64.ActiveCfg = Release|Any CPU
		{13756564-A4DD-4BED-B085-4A58EE6E5F24}.Release|x64.Build.0 = Release|Any CPU
		{13756564-A4DD-4BED-B085-4A58EE6E5F24}.Release|x86.ActiveCfg = Release|Any CPU
		{13756564-A4DD-4BED-B085-4A58EE6E5F24}.Release|x86.Build.0 = Release|Any CPU
		{57113E6F-700E-41BF-A105-62ACC13883AA}.Debug|Any CPU.ActiveCfg = Debug|Any CPU
		{57113E6F-700E-41BF-A105-62ACC13883AA}.Debug|Any CPU.Build.0 = Debug|Any CPU
		{57113E6F-700E-41BF-A105-62ACC13883AA}.Debug|x64.ActiveCfg = Debug|Any CPU
		{57113E6F-700E-41BF-A105-62ACC13883AA}.Debug|x64.Build.0 = Debug|Any CPU
		{57113E6F-700E-41BF-A105-62ACC13883AA}.Debug|x86.ActiveCfg = Debug|Any CPU
		{57113E6F-700E-41BF-A105-62ACC13883AA}.Debug|x86.Build.0 = Debug|Any CPU
		{57113E6F-700E-41BF-A105-62ACC13883AA}.Release|Any CPU.ActiveCfg = Release|Any CPU
		{57113E6F-700E-41BF-A105-62ACC13883AA}.Release|Any CPU.Build.0 = Release|Any CPU
		{57113E6F-700E-41BF-A105-62ACC13883AA}.Release|x64.ActiveCfg = Release|Any CPU
		{57113E6F-700E-41BF-A105-62ACC13883AA}.Release|x64.Build.0 = Release|Any CPU
		{57113E6F-700E-41BF-A105-62ACC13883AA}.Release|x86.ActiveCfg = Release|Any CPU
		{57113E6F-700E-41BF-A105-62ACC13883AA}.Release|x86.Build.0 = Release|Any CPU
		{433CB769-78E2-4748-8B9A-3B73BE051D32}.Debug|Any CPU.ActiveCfg = Debug|Any CPU
		{433CB769-78E2-4748-8B9A-3B73BE051D32}.Debug|Any CPU.Build.0 = Debug|Any CPU
		{433CB769-78E2-4748-8B9A-3B73BE051D32}.Debug|x64.ActiveCfg = Debug|Any CPU
		{433CB769-78E2-4748-8B9A-3B73BE051D32}.Debug|x64.Build.0 = Debug|Any CPU
		{433CB769-78E2-4748-8B9A-3B73BE051D32}.Debug|x86.ActiveCfg = Debug|Any CPU
		{433CB769-78E2-4748-8B9A-3B73BE051D32}.Debug|x86.Build.0 = Debug|Any CPU
		{433CB769-78E2-4748-8B9A-3B73BE051D32}.Release|Any CPU.ActiveCfg = Release|Any CPU
		{433CB769-78E2-4748-8B9A-3B73BE051D32}.Release|Any CPU.Build.0 = Release|Any CPU
		{433CB769-78E2-4748-8B9A-3B73BE051D32}.Release|x64.ActiveCfg = Release|Any CPU
		{433CB769-78E2-4748-8B9A-3B73BE051D32}.Release|x64.Build.0 = Release|Any CPU
		{433CB769-78E2-4748-8B9A-3B73BE051D32}.Release|x86.ActiveCfg = Release|Any CPU
		{433CB769-78E2-4748-8B9A-3B73BE051D32}.Release|x86.Build.0 = Release|Any CPU
	EndGlobalSection
	GlobalSection(SolutionProperties) = preSolution
		HideSolutionNode = FALSE
	EndGlobalSection
	GlobalSection(NestedProjects) = preSolution
		{2FE24A60-6F26-4371-B291-4AE3007E8321} = {FCF436E4-EF71-459B-A911-720674237A1D}
		{13756564-A4DD-4BED-B085-4A58EE6E5F24} = {FCF436E4-EF71-459B-A911-720674237A1D}
		{57113E6F-700E-41BF-A105-62ACC13883AA} = {FCF436E4-EF71-459B-A911-720674237A1D}
		{433CB769-78E2-4748-8B9A-3B73BE051D32} = {0C6EAF78-1ABA-4DA8-A9D2-7EC8015F7BC5}
	EndGlobalSection
	GlobalSection(ExtensibilityGlobals) = postSolution
		SolutionGuid = {88B5F69E-62A5-4933-AA09-C768D3AB1A54}
	EndGlobalSection
EndGlobal
